
Microsoft Visual Studio Solution File, Format Version 12.00
# Blend for Visual Studio Version 16
VisualStudioVersion = 16.0.31229.75
MinimumVisualStudioVersion = 10.0.40219.1
Project("{FAE04EC0-301F-11D3-BF4B-00C04F79EFBC}") = "MultipleScreenApp", "MultipleScreenApp\MultipleScreenApp.csproj", "{BD5DF8AE-9AEE-44CF-8844-51F86FCF10F2}"
EndProject
Global
	GlobalSection(SolutionConfigurationPlatforms) = preSolution
		Debug|Any CPU = Debug|Any CPU
		Release|Any CPU = Release|Any CPU
	EndGlobalSection
	GlobalSection(ProjectConfigurationPlatforms) = postSolution
		{BD5DF8AE-9AEE-44CF-8844-51F86FCF10F2}.Debug|Any CPU.ActiveCfg = Debug|Any CPU
		{BD5DF8AE-9AEE-44CF-8844-51F86FCF10F2}.Debug|Any CPU.Build.0 = Debug|Any CPU
		{BD5DF8AE-9AEE-44CF-8844-51F86FCF10F2}.Release|Any CPU.ActiveCfg = Release|Any CPU
		{BD5DF8AE-9AEE-44CF-8844-51F86FCF10F2}.Release|Any CPU.Build.0 = Release|Any CPU
	EndGlobalSection
	GlobalSection(SolutionProperties) = preSolution
		HideSolutionNode = FALSE
	EndGlobalSection
	GlobalSection(ExtensibilityGlobals) = postSolution
		SolutionGuid = {5E46C1D7-576C-483A-90A8-0B26C5509EEE}
	EndGlobalSection
EndGlobal
